
Microsoft Visual Studio Solution File, Format Version 12.00
# Visual Studio Version 17
VisualStudioVersion = 17.5.33627.172
MinimumVisualStudioVersion = 10.0.40219.1
Project("{9A19103F-16F7-4668-BE54-9A1E7A4F7556}") = "showcase.gatway", "showcase.gatway\showcase.gatway.csproj", "{68792FC4-7B35-4908-BB06-F032A801B55D}"
EndProject
Global
	GlobalSection(SolutionConfigurationPlatforms) = preSolution
		Debug|Any CPU = Debug|Any CPU
		Release|Any CPU = Release|Any CPU
	EndGlobalSection
	GlobalSection(ProjectConfigurationPlatforms) = postSolution
		{68792FC4-7B35-4908-BB06-F032A801B55D}.Debug|Any CPU.ActiveCfg = Debug|Any CPU
		{68792FC4-7B35-4908-BB06-F032A801B55D}.Debug|Any CPU.Build.0 = Debug|Any CPU
		{68792FC4-7B35-4908-BB06-F032A801B55D}.Release|Any CPU.ActiveCfg = Release|Any CPU
		{68792FC4-7B35-4908-BB06-F032A801B55D}.Release|Any CPU.Build.0 = Release|Any CPU
	EndGlobalSection
	GlobalSection(SolutionProperties) = preSolution
		HideSolutionNode = FALSE
	EndGlobalSection
	GlobalSection(ExtensibilityGlobals) = postSolution
		SolutionGuid = {8C29908E-B374-4E7E-9D33-792F35B2B8CC}
	EndGlobalSection
EndGlobal
